
Microsoft Visual Studio Solution File, Format Version 12.00
# Visual Studio Version 17
VisualStudioVersion = 17.5.002.0
MinimumVisualStudioVersion = 10.0.40219.1
Project("{9A19103F-16F7-4668-BE54-9A1E7A4F7556}") = "1I3-PescAma", "1I3-PescAma.csproj", "{6E23E94C-53C1-43B0-BCA3-B6B69BB2E1C3}"
EndProject
Global
	GlobalSection(SolutionConfigurationPlatforms) = preSolution
		Debug|Any CPU = Debug|Any CPU
		Release|Any CPU = Release|Any CPU
	EndGlobalSection
	GlobalSection(ProjectConfigurationPlatforms) = postSolution
		{6E23E94C-53C1-43B0-BCA3-B6B69BB2E1C3}.Debug|Any CPU.ActiveCfg = Debug|Any CPU
		{6E23E94C-53C1-43B0-BCA3-B6B69BB2E1C3}.Debug|Any CPU.Build.0 = Debug|Any CPU
		{6E23E94C-53C1-43B0-BCA3-B6B69BB2E1C3}.Release|Any CPU.ActiveCfg = Release|Any CPU
		{6E23E94C-53C1-43B0-BCA3-B6B69BB2E1C3}.Release|Any CPU.Build.0 = Release|Any CPU
	EndGlobalSection
	GlobalSection(SolutionProperties) = preSolution
		HideSolutionNode = FALSE
	EndGlobalSection
	GlobalSection(ExtensibilityGlobals) = postSolution
		SolutionGuid = {06F9D1E7-64CD-417A-B362-AAE70FF44ECD}
	EndGlobalSection
EndGlobal
